
Microsoft Visual Studio Solution File, Format Version 12.00
# Visual Studio Version 17
VisualStudioVersion = 17.12.35707.178 d17.12
MinimumVisualStudioVersion = 10.0.40219.1
Project("{FAE04EC0-301F-11D3-BF4B-00C04F79EFBC}") = "E-Commerce.Web1", "E-Commerce.Web1\E-Commerce.Web1.csproj", "{1A3442FC-A5A1-4BAD-9966-FA9FB26A6C96}"
EndProject
Project("{2150E333-8FDC-42A3-9474-1A3956D46DE8}") = "Core", "Core", "{286D7ACE-7600-4C20-AA0D-1370FA955C12}"
EndProject
Project("{FAE04EC0-301F-11D3-BF4B-00C04F79EFBC}") = "Domain", "Core\Domain\Domain.csproj", "{1ECFA77C-B53C-4832-89FB-C516353010FC}"
EndProject
Project("{FAE04EC0-301F-11D3-BF4B-00C04F79EFBC}") = "Services", "Core\Services\Services.csproj", "{C968C7B4-E92E-4676-8642-C32918D183A5}"
EndProject
Project("{FAE04EC0-301F-11D3-BF4B-00C04F79EFBC}") = "ServicesAbstractions", "Core\SerivcesAbstractions\ServicesAbstractions.csproj", "{B0637F62-37E1-4E99-90A1-77918B478251}"
EndProject
Project("{2150E333-8FDC-42A3-9474-1A3956D46DE8}") = "Infrastructure", "Infrastructure", "{2167C1BA-E441-41EC-9667-EC73C44F0D18}"
EndProject
Project("{FAE04EC0-301F-11D3-BF4B-00C04F79EFBC}") = "Persistence", "Infrastructure\Persistence\Persistence.csproj", "{995E4306-CCF4-4A8A-82A1-EAC83880F8F2}"
EndProject
Project("{FAE04EC0-301F-11D3-BF4B-00C04F79EFBC}") = "Presentation", "Infrastructure\Presentation\Presentation.csproj", "{C0D0C6B0-05D6-42B8-96D0-4A1FDB6D168E}"
EndProject
Project("{FAE04EC0-301F-11D3-BF4B-00C04F79EFBC}") = "Shared", "Shared\Shared.csproj", "{DE4F5A24-9347-4ADD-8297-9639FD3E2936}"
EndProject
Global
	GlobalSection(SolutionConfigurationPlatforms) = preSolution
		Debug|Any CPU = Debug|Any CPU
		Release|Any CPU = Release|Any CPU
	EndGlobalSection
	GlobalSection(ProjectConfigurationPlatforms) = postSolution
		{1A3442FC-A5A1-4BAD-9966-FA9FB26A6C96}.Debug|Any CPU.ActiveCfg = Debug|Any CPU
		{1A3442FC-A5A1-4BAD-9966-FA9FB26A6C96}.Debug|Any CPU.Build.0 = Debug|Any CPU
		{1A3442FC-A5A1-4BAD-9966-FA9FB26A6C96}.Release|Any CPU.ActiveCfg = Release|Any CPU
		{1A3442FC-A5A1-4BAD-9966-FA9FB26A6C96}.Release|Any CPU.Build.0 = Release|Any CPU
		{1ECFA77C-B53C-4832-89FB-C516353010FC}.Debug|Any CPU.ActiveCfg = Debug|Any CPU
		{1ECFA77C-B53C-4832-89FB-C516353010FC}.Debug|Any CPU.Build.0 = Debug|Any CPU
		{1ECFA77C-B53C-4832-89FB-C516353010FC}.Release|Any CPU.ActiveCfg = Release|Any CPU
		{1ECFA77C-B53C-4832-89FB-C516353010FC}.Release|Any CPU.Build.0 = Release|Any CPU
		{C968C7B4-E92E-4676-8642-C32918D183A5}.Debug|Any CPU.ActiveCfg = Debug|Any CPU
		{C968C7B4-E92E-4676-8642-C32918D183A5}.Debug|Any CPU.Build.0 = Debug|Any CPU
		{C968C7B4-E92E-4676-8642-C32918D183A5}.Release|Any CPU.ActiveCfg = Release|Any CPU
		{C968C7B4-E92E-4676-8642-C32918D183A5}.Release|Any CPU.Build.0 = Release|Any CPU
		{B0637F62-37E1-4E99-90A1-77918B478251}.Debug|Any CPU.ActiveCfg = Debug|Any CPU
		{B0637F62-37E1-4E99-90A1-77918B478251}.Debug|Any CPU.Build.0 = Debug|Any CPU
		{B0637F62-37E1-4E99-90A1-77918B478251}.Release|Any CPU.ActiveCfg = Release|Any CPU
		{B0637F62-37E1-4E99-90A1-77918B478251}.Release|Any CPU.Build.0 = Release|Any CPU
		{995E4306-CCF4-4A8A-82A1-EAC83880F8F2}.Debug|Any CPU.ActiveCfg = Debug|Any CPU
		{995E4306-CCF4-4A8A-82A1-EAC83880F8F2}.Debug|Any CPU.Build.0 = Debug|Any CPU
		{995E4306-CCF4-4A8A-82A1-EAC83880F8F2}.Release|Any CPU.ActiveCfg = Release|Any CPU
		{995E4306-CCF4-4A8A-82A1-EAC83880F8F2}.Release|Any CPU.Build.0 = Release|Any CPU
		{C0D0C6B0-05D6-42B8-96D0-4A1FDB6D168E}.Debug|Any CPU.ActiveCfg = Debug|Any CPU
		{C0D0C6B0-05D6-42B8-96D0-4A1FDB6D168E}.Debug|Any CPU.Build.0 = Debug|Any CPU
		{C0D0C6B0-05D6-42B8-96D0-4A1FDB6D168E}.Release|Any CPU.ActiveCfg = Release|Any CPU
		{C0D0C6B0-05D6-42B8-96D0-4A1FDB6D168E}.Release|Any CPU.Build.0 = Release|Any CPU
		{DE4F5A24-9347-4ADD-8297-9639FD3E2936}.Debug|Any CPU.ActiveCfg = Debug|Any CPU
		{DE4F5A24-9347-4ADD-8297-9639FD3E2936}.Debug|Any CPU.Build.0 = Debug|Any CPU
		{DE4F5A24-9347-4ADD-8297-9639FD3E2936}.Release|Any CPU.ActiveCfg = Release|Any CPU
		{DE4F5A24-9347-4ADD-8297-9639FD3E2936}.Release|Any CPU.Build.0 = Release|Any CPU
	EndGlobalSection
	GlobalSection(SolutionProperties) = preSolution
		HideSolutionNode = FALSE
	EndGlobalSection
	GlobalSection(NestedProjects) = preSolution
		{1ECFA77C-B53C-4832-89FB-C516353010FC} = {286D7ACE-7600-4C20-AA0D-1370FA955C12}
		{C968C7B4-E92E-4676-8642-C32918D183A5} = {286D7ACE-7600-4C20-AA0D-1370FA955C12}
		{B0637F62-37E1-4E99-90A1-77918B478251} = {286D7ACE-7600-4C20-AA0D-1370FA955C12}
		{995E4306-CCF4-4A8A-82A1-EAC83880F8F2} = {2167C1BA-E441-41EC-9667-EC73C44F0D18}
		{C0D0C6B0-05D6-42B8-96D0-4A1FDB6D168E} = {2167C1BA-E441-41EC-9667-EC73C44F0D18}
	EndGlobalSection
EndGlobal
